
Microsoft Visual Studio Solution File, Format Version 12.00
# Visual Studio Version 16
VisualStudioVersion = 16.0.32901.82
MinimumVisualStudioVersion = 10.0.40219.1
Project("{FAE04EC0-301F-11D3-BF4B-00C04F79EFBC}") = "OOP_Laba 6", "OOP_Laba 6\OOP_Laba 6.csproj", "{684753CB-D8E9-4EDD-8F14-1631E009DCA7}"
EndProject
Global
	GlobalSection(SolutionConfigurationPlatforms) = preSolution
		Debug|Any CPU = Debug|Any CPU
		Release|Any CPU = Release|Any CPU
	EndGlobalSection
	GlobalSection(ProjectConfigurationPlatforms) = postSolution
		{684753CB-D8E9-4EDD-8F14-1631E009DCA7}.Debug|Any CPU.ActiveCfg = Debug|Any CPU
		{684753CB-D8E9-4EDD-8F14-1631E009DCA7}.Debug|Any CPU.Build.0 = Debug|Any CPU
		{684753CB-D8E9-4EDD-8F14-1631E009DCA7}.Release|Any CPU.ActiveCfg = Release|Any CPU
		{684753CB-D8E9-4EDD-8F14-1631E009DCA7}.Release|Any CPU.Build.0 = Release|Any CPU
	EndGlobalSection
	GlobalSection(SolutionProperties) = preSolution
		HideSolutionNode = FALSE
	EndGlobalSection
	GlobalSection(ExtensibilityGlobals) = postSolution
		SolutionGuid = {521CC82C-1F8C-4817-A421-331DF187405F}
	EndGlobalSection
EndGlobal
